
Microsoft Visual Studio Solution File, Format Version 12.00
# Visual Studio 15
VisualStudioVersion = 15.0.27703.2026
MinimumVisualStudioVersion = 10.0.40219.1
Project("{9A19103F-16F7-4668-BE54-9A1E7A4F7556}") = "BliNyKundeProsess", "BliNyKundeProsess\BliNyKundeProsess.csproj", "{88F0BA37-914A-4D7E-B662-587091C5B851}"
EndProject
Project("{FAE04EC0-301F-11D3-BF4B-00C04F79EFBC}") = "BliNyKundeClassLibrary", "BliNyKundeClassLibrary\BliNyKundeClassLibrary.csproj", "{8CCF7A31-88AE-4DE3-9573-BCDC3C84C043}"
EndProject
Project("{FAE04EC0-301F-11D3-BF4B-00C04F79EFBC}") = "DataLayer", "DataLayer\DataLayer.csproj", "{BD9F992E-176E-49B8-B1E9-292115C169E0}"
EndProject
Global
	GlobalSection(SolutionConfigurationPlatforms) = preSolution
		Debug|Any CPU = Debug|Any CPU
		Release|Any CPU = Release|Any CPU
	EndGlobalSection
	GlobalSection(ProjectConfigurationPlatforms) = postSolution
		{88F0BA37-914A-4D7E-B662-587091C5B851}.Debug|Any CPU.ActiveCfg = Debug|Any CPU
		{88F0BA37-914A-4D7E-B662-587091C5B851}.Debug|Any CPU.Build.0 = Debug|Any CPU
		{88F0BA37-914A-4D7E-B662-587091C5B851}.Release|Any CPU.ActiveCfg = Release|Any CPU
		{88F0BA37-914A-4D7E-B662-587091C5B851}.Release|Any CPU.Build.0 = Release|Any CPU
		{8CCF7A31-88AE-4DE3-9573-BCDC3C84C043}.Debug|Any CPU.ActiveCfg = Debug|Any CPU
		{8CCF7A31-88AE-4DE3-9573-BCDC3C84C043}.Debug|Any CPU.Build.0 = Debug|Any CPU
		{8CCF7A31-88AE-4DE3-9573-BCDC3C84C043}.Release|Any CPU.ActiveCfg = Release|Any CPU
		{8CCF7A31-88AE-4DE3-9573-BCDC3C84C043}.Release|Any CPU.Build.0 = Release|Any CPU
		{BD9F992E-176E-49B8-B1E9-292115C169E0}.Debug|Any CPU.ActiveCfg = Debug|Any CPU
		{BD9F992E-176E-49B8-B1E9-292115C169E0}.Debug|Any CPU.Build.0 = Debug|Any CPU
		{BD9F992E-176E-49B8-B1E9-292115C169E0}.Release|Any CPU.ActiveCfg = Release|Any CPU
		{BD9F992E-176E-49B8-B1E9-292115C169E0}.Release|Any CPU.Build.0 = Release|Any CPU
	EndGlobalSection
	GlobalSection(SolutionProperties) = preSolution
		HideSolutionNode = FALSE
	EndGlobalSection
	GlobalSection(ExtensibilityGlobals) = postSolution
		SolutionGuid = {69A05CA6-D10D-4F1E-A7D8-803722AB3A0E}
	EndGlobalSection
EndGlobal
